
Microsoft Visual Studio Solution File, Format Version 12.00
# Visual Studio Version 17
VisualStudioVersion = 17.9.34728.123
MinimumVisualStudioVersion = 10.0.40219.1
Project("{FAE04EC0-301F-11D3-BF4B-00C04F79EFBC}") = "DesingPatterns", "DesingPatterns\DesingPatterns.csproj", "{8FFE2942-A9AF-4FDA-96DD-996DE79C8ED3}"
EndProject
Global
	GlobalSection(SolutionConfigurationPlatforms) = preSolution
		Debug|Any CPU = Debug|Any CPU
		Release|Any CPU = Release|Any CPU
	EndGlobalSection
	GlobalSection(ProjectConfigurationPlatforms) = postSolution
		{8FFE2942-A9AF-4FDA-96DD-996DE79C8ED3}.Debug|Any CPU.ActiveCfg = Debug|Any CPU
		{8FFE2942-A9AF-4FDA-96DD-996DE79C8ED3}.Debug|Any CPU.Build.0 = Debug|Any CPU
		{8FFE2942-A9AF-4FDA-96DD-996DE79C8ED3}.Release|Any CPU.ActiveCfg = Release|Any CPU
		{8FFE2942-A9AF-4FDA-96DD-996DE79C8ED3}.Release|Any CPU.Build.0 = Release|Any CPU
	EndGlobalSection
	GlobalSection(SolutionProperties) = preSolution
		HideSolutionNode = FALSE
	EndGlobalSection
	GlobalSection(ExtensibilityGlobals) = postSolution
		SolutionGuid = {144C5E33-F02E-45B3-B144-69425203EE01}
	EndGlobalSection
EndGlobal
